
Microsoft Visual Studio Solution File, Format Version 12.00
# Visual Studio Version 16
VisualStudioVersion = 16.0.28803.352
MinimumVisualStudioVersion = 10.0.40219.1
Project("{FAE04EC0-301F-11D3-BF4B-00C04F79EFBC}") = "Fanap.Plus.Product-Management", "Fanap.Plus.Product-Management.csproj", "{7D28EB3B-00B9-4E39-A97A-C519ECBBA207}"
EndProject
Global
	GlobalSection(SolutionConfigurationPlatforms) = preSolution
		Debug|Any CPU = Debug|Any CPU
		Release|Any CPU = Release|Any CPU
	EndGlobalSection
	GlobalSection(ProjectConfigurationPlatforms) = postSolution
		{7D28EB3B-00B9-4E39-A97A-C519ECBBA207}.Debug|Any CPU.ActiveCfg = Debug|Any CPU
		{7D28EB3B-00B9-4E39-A97A-C519ECBBA207}.Debug|Any CPU.Build.0 = Debug|Any CPU
		{7D28EB3B-00B9-4E39-A97A-C519ECBBA207}.Release|Any CPU.ActiveCfg = Release|Any CPU
		{7D28EB3B-00B9-4E39-A97A-C519ECBBA207}.Release|Any CPU.Build.0 = Release|Any CPU
	EndGlobalSection
	GlobalSection(SolutionProperties) = preSolution
		HideSolutionNode = FALSE
	EndGlobalSection
	GlobalSection(ExtensibilityGlobals) = postSolution
		SolutionGuid = {987212BA-413F-4FD4-A10D-2A899B6DA808}
	EndGlobalSection
EndGlobal
